
Microsoft Visual Studio Solution File, Format Version 12.00
# Visual Studio 15
VisualStudioVersion = 15.0.26124.0
MinimumVisualStudioVersion = 15.0.26124.0
Project("{FAE04EC0-301F-11D3-BF4B-00C04F79EFBC}") = "FARLimitedMassing", "src\FARLimitedMassing.csproj", "{C950360F-4E93-40BF-BF54-2B02E332AC80}"
EndProject
Project("{FAE04EC0-301F-11D3-BF4B-00C04F79EFBC}") = "FARLimitedMassing.tests", "test\FARLimitedMassing.tests.csproj", "{C12DCD9F-42E6-4A6B-A401-36D73052454D}"
EndProject
Global
	GlobalSection(SolutionConfigurationPlatforms) = preSolution
		Debug|Any CPU = Debug|Any CPU
		Debug|x64 = Debug|x64
		Debug|x86 = Debug|x86
		Release|Any CPU = Release|Any CPU
		Release|x64 = Release|x64
		Release|x86 = Release|x86
	EndGlobalSection
	GlobalSection(SolutionProperties) = preSolution
		HideSolutionNode = FALSE
	EndGlobalSection
	GlobalSection(ProjectConfigurationPlatforms) = postSolution
		{C950360F-4E93-40BF-BF54-2B02E332AC80}.Debug|Any CPU.ActiveCfg = Debug|Any CPU
		{C950360F-4E93-40BF-BF54-2B02E332AC80}.Debug|Any CPU.Build.0 = Debug|Any CPU
		{C950360F-4E93-40BF-BF54-2B02E332AC80}.Debug|x64.ActiveCfg = Debug|Any CPU
		{C950360F-4E93-40BF-BF54-2B02E332AC80}.Debug|x64.Build.0 = Debug|Any CPU
		{C950360F-4E93-40BF-BF54-2B02E332AC80}.Debug|x86.ActiveCfg = Debug|Any CPU
		{C950360F-4E93-40BF-BF54-2B02E332AC80}.Debug|x86.Build.0 = Debug|Any CPU
		{C950360F-4E93-40BF-BF54-2B02E332AC80}.Release|Any CPU.ActiveCfg = Release|Any CPU
		{C950360F-4E93-40BF-BF54-2B02E332AC80}.Release|Any CPU.Build.0 = Release|Any CPU
		{C950360F-4E93-40BF-BF54-2B02E332AC80}.Release|x64.ActiveCfg = Release|Any CPU
		{C950360F-4E93-40BF-BF54-2B02E332AC80}.Release|x64.Build.0 = Release|Any CPU
		{C950360F-4E93-40BF-BF54-2B02E332AC80}.Release|x86.ActiveCfg = Release|Any CPU
		{C950360F-4E93-40BF-BF54-2B02E332AC80}.Release|x86.Build.0 = Release|Any CPU
		{C12DCD9F-42E6-4A6B-A401-36D73052454D}.Debug|Any CPU.ActiveCfg = Debug|Any CPU
		{C12DCD9F-42E6-4A6B-A401-36D73052454D}.Debug|Any CPU.Build.0 = Debug|Any CPU
		{C12DCD9F-42E6-4A6B-A401-36D73052454D}.Debug|x64.ActiveCfg = Debug|Any CPU
		{C12DCD9F-42E6-4A6B-A401-36D73052454D}.Debug|x64.Build.0 = Debug|Any CPU
		{C12DCD9F-42E6-4A6B-A401-36D73052454D}.Debug|x86.ActiveCfg = Debug|Any CPU
		{C12DCD9F-42E6-4A6B-A401-36D73052454D}.Debug|x86.Build.0 = Debug|Any CPU
		{C12DCD9F-42E6-4A6B-A401-36D73052454D}.Release|Any CPU.ActiveCfg = Release|Any CPU
		{C12DCD9F-42E6-4A6B-A401-36D73052454D}.Release|Any CPU.Build.0 = Release|Any CPU
		{C12DCD9F-42E6-4A6B-A401-36D73052454D}.Release|x64.ActiveCfg = Release|Any CPU
		{C12DCD9F-42E6-4A6B-A401-36D73052454D}.Release|x64.Build.0 = Release|Any CPU
		{C12DCD9F-42E6-4A6B-A401-36D73052454D}.Release|x86.ActiveCfg = Release|Any CPU
		{C12DCD9F-42E6-4A6B-A401-36D73052454D}.Release|x86.Build.0 = Release|Any CPU
	EndGlobalSection
EndGlobal
